
Microsoft Visual Studio Solution File, Format Version 12.00
# Visual Studio Version 17
VisualStudioVersion = 17.7.34221.43
MinimumVisualStudioVersion = 10.0.40219.1
Project("{FAE04EC0-301F-11D3-BF4B-00C04F79EFBC}") = "HomeWork1(pro)", "HomeWork1(pro)\HomeWork1(pro).csproj", "{D9A89B59-5BA1-400E-BFA1-8D1A62C02CBC}"
EndProject
Global
	GlobalSection(SolutionConfigurationPlatforms) = preSolution
		Debug|Any CPU = Debug|Any CPU
		Release|Any CPU = Release|Any CPU
	EndGlobalSection
	GlobalSection(ProjectConfigurationPlatforms) = postSolution
		{D9A89B59-5BA1-400E-BFA1-8D1A62C02CBC}.Debug|Any CPU.ActiveCfg = Debug|Any CPU
		{D9A89B59-5BA1-400E-BFA1-8D1A62C02CBC}.Debug|Any CPU.Build.0 = Debug|Any CPU
		{D9A89B59-5BA1-400E-BFA1-8D1A62C02CBC}.Release|Any CPU.ActiveCfg = Release|Any CPU
		{D9A89B59-5BA1-400E-BFA1-8D1A62C02CBC}.Release|Any CPU.Build.0 = Release|Any CPU
	EndGlobalSection
	GlobalSection(SolutionProperties) = preSolution
		HideSolutionNode = FALSE
	EndGlobalSection
	GlobalSection(ExtensibilityGlobals) = postSolution
		SolutionGuid = {F05FD589-A17B-4C46-B430-31C19F8A3D4E}
	EndGlobalSection
EndGlobal
